
Microsoft Visual Studio Solution File, Format Version 12.00
# Visual Studio Version 17
VisualStudioVersion = 17.5.002.0
MinimumVisualStudioVersion = 10.0.40219.1
Project("{9A19103F-16F7-4668-BE54-9A1E7A4F7556}") = "Starter", "Starter\Starter.csproj", "{061759E0-EC23-46D7-A261-911FC5671049}"
EndProject
Project("{9A19103F-16F7-4668-BE54-9A1E7A4F7556}") = "Final", "Final\Final.csproj", "{F3F88944-FDA0-43A1-B823-F4CED4F97166}"
EndProject
Global
	GlobalSection(SolutionConfigurationPlatforms) = preSolution
		Debug|Any CPU = Debug|Any CPU
		Release|Any CPU = Release|Any CPU
	EndGlobalSection
	GlobalSection(ProjectConfigurationPlatforms) = postSolution
		{061759E0-EC23-46D7-A261-911FC5671049}.Debug|Any CPU.ActiveCfg = Debug|Any CPU
		{061759E0-EC23-46D7-A261-911FC5671049}.Debug|Any CPU.Build.0 = Debug|Any CPU
		{061759E0-EC23-46D7-A261-911FC5671049}.Release|Any CPU.ActiveCfg = Release|Any CPU
		{061759E0-EC23-46D7-A261-911FC5671049}.Release|Any CPU.Build.0 = Release|Any CPU
		{F3F88944-FDA0-43A1-B823-F4CED4F97166}.Debug|Any CPU.ActiveCfg = Debug|Any CPU
		{F3F88944-FDA0-43A1-B823-F4CED4F97166}.Debug|Any CPU.Build.0 = Debug|Any CPU
		{F3F88944-FDA0-43A1-B823-F4CED4F97166}.Release|Any CPU.ActiveCfg = Release|Any CPU
		{F3F88944-FDA0-43A1-B823-F4CED4F97166}.Release|Any CPU.Build.0 = Release|Any CPU
	EndGlobalSection
	GlobalSection(SolutionProperties) = preSolution
		HideSolutionNode = FALSE
	EndGlobalSection
	GlobalSection(ExtensibilityGlobals) = postSolution
		SolutionGuid = {9E348241-0BC0-43C1-9C15-8ECB5942A0D3}
	EndGlobalSection
EndGlobal
